lockfileVersion: '9.0'

settings:
  autoInstallPeers: true
  excludeLinksFromLockfile: false

importers:

  .:
    devDependencies:
      '@tsconfig/node24':
        specifier: ^24.0.4
        version: 24.0.4
      '@types/node':
        specifier: ^25.2.1
        version: 25.2.1

  cdk:
    dependencies:
      aws-cdk:
        specifier: ^2.1105.0
        version: 2.1105.0
      aws-cdk-lib:
        specifier: ^2.237.1
        version: 2.237.1(constructs@10.4.5)
      constructs:
        specifier: ^10.4.5
        version: 10.4.5

packages:

  '@aws-cdk/asset-awscli-v1@2.2.263':
    resolution: {integrity: sha512-X9JvcJhYcb7PHs8R7m4zMablO5C9PGb/hYfLnxds9h/rKJu6l7MiXE/SabCibuehxPnuO/vk+sVVJiUWrccarQ==}

  '@aws-cdk/asset-node-proxy-agent-v6@2.1.0':
    resolution: {integrity: sha512-7bY3J8GCVxLupn/kNmpPc5VJz8grx+4RKfnnJiO1LG+uxkZfANZG3RMHhE+qQxxwkyQ9/MfPtTpf748UhR425A==}

  '@aws-cdk/cloud-assembly-schema@48.20.0':
    resolution: {integrity: sha512-+eeiav9LY4wbF/EFuCt/vfvi/Zoxo8bf94PW5clbMraChEliq83w4TbRVy0jB9jE0v1ooFTtIjSQkowSPkfISg==}
    engines: {node: '>= 18.0.0'}
    bundledDependencies:
      - jsonschema
      - semver

  '@tsconfig/node24@24.0.4':
    resolution: {integrity: sha512-2A933l5P5oCbv6qSxHs7ckKwobs8BDAe9SJ/Xr2Hy+nDlwmLE1GhFh/g/vXGRZWgxBg9nX/5piDtHR9Dkw/XuA==}

  '@types/node@25.2.1':
    resolution: {integrity: sha512-CPrnr8voK8vC6eEtyRzvMpgp3VyVRhgclonE7qYi6P9sXwYb59ucfrnmFBTaP0yUi8Gk4yZg/LlTJULGxvTNsg==}

  aws-cdk-lib@2.237.1:
    resolution: {integrity: sha512-RH8mWHLBtc14stkeUF0gFLaWdS5iS2AHUHnoT5B5LLZfEkYP9G43LjJs0AMmpdlQ5/ZQVvCZ+VB83Q9vLxILRw==}
    engines: {node: '>= 18.0.0'}
    peerDependencies:
      constructs: ^10.0.0
    bundledDependencies:
      - '@balena/dockerignore'
      - case
      - fs-extra
      - ignore
      - jsonschema
      - minimatch
      - punycode
      - semver
      - table
      - yaml
      - mime-types

  aws-cdk@2.1105.0:
    resolution: {integrity: sha512-1RY2UZJv31XYobEGFHQEb7c2HXNzDbHuHqdnfdYyygvZW4Nrm8MJCW42lqItQCn+wF52Ixc7r2VR5eR4YGtVhA==}
    engines: {node: '>= 18.0.0'}
    hasBin: true

  constructs@10.4.5:
    resolution: {integrity: sha512-fOoP70YLevMZr5avJHx2DU3LNYmC6wM8OwdrNewMZou1kZnPGOeVzBrRjZNgFDHUlulYUjkpFRSpTE3D+n+ZSg==}

  undici-types@7.16.0:
    resolution: {integrity: sha512-Zz+aZWSj8LE6zoxD+xrjh4VfkIG8Ya6LvYkZqtUQGJPZjYl53ypCaUwWqo7eI0x66KBGeRo+mlBEkMSeSZ38Nw==}

snapshots:

  '@aws-cdk/asset-awscli-v1@2.2.263': {}

  '@aws-cdk/asset-node-proxy-agent-v6@2.1.0': {}

  '@aws-cdk/cloud-assembly-schema@48.20.0': {}

  '@tsconfig/node24@24.0.4': {}

  '@types/node@25.2.1':
    dependencies:
      undici-types: 7.16.0

  aws-cdk-lib@2.237.1(constructs@10.4.5):
    dependencies:
      '@aws-cdk/asset-awscli-v1': 2.2.263
      '@aws-cdk/asset-node-proxy-agent-v6': 2.1.0
      '@aws-cdk/cloud-assembly-schema': 48.20.0
      constructs: 10.4.5

  aws-cdk@2.1105.0: {}

  constructs@10.4.5: {}

  undici-types@7.16.0: {}
